
Microsoft Visual Studio Solution File, Format Version 12.00
# Visual Studio 15
VisualStudioVersion = 15.0.28010.2003
MinimumVisualStudioVersion = 10.0.40219.1
Project("{9A19103F-16F7-4668-BE54-9A1E7A4F7556}") = "XTMF", "XTMF\XTMF.csproj", "{8197FF95-6326-48DD-8516-373DF9FBB3A8}"
EndProject
Project("{9A19103F-16F7-4668-BE54-9A1E7A4F7556}") = "XTMFInterfaces", "XTMFInterfaces\XTMFInterfaces.csproj", "{AE7192FE-6907-4880-B453-2CF4ABE994DC}"
EndProject
Project("{9A19103F-16F7-4668-BE54-9A1E7A4F7556}") = "XTMF.Run", "XTMF.Run\XTMF.Run.csproj", "{94CFA534-7118-4DEE-A8E1-84508AEC8B19}"
EndProject
Project("{2150E333-8FDC-42A3-9474-1A3956D46DE8}") = "XTMFCore", "XTMFCore", "{EEA9531D-28BA-4302-9829-190014B2D158}"
EndProject
Project("{2150E333-8FDC-42A3-9474-1A3956D46DE8}") = "Modules", "Modules", "{17E20502-7AFA-459D-A399-95AF2BE73056}"
EndProject
Project("{2150E333-8FDC-42A3-9474-1A3956D46DE8}") = "Common", "Common", "{FFA7FC68-6FAC-4089-B28F-E2DCF1195139}"
EndProject
Project("{2150E333-8FDC-42A3-9474-1A3956D46DE8}") = "Tasha", "Tasha", "{9C771BE8-7178-4459-AE0E-8BDC63591977}"
EndProject
Project("{9A19103F-16F7-4668-BE54-9A1E7A4F7556}") = "Datastructure", "Datastructure\Datastructure.csproj", "{B24F8AC1-7204-46CF-B130-C9AB8C0E85FE}"
EndProject
Project("{9A19103F-16F7-4668-BE54-9A1E7A4F7556}") = "TMG.Emme", "TMG.Emme\TMG.Emme.csproj", "{D3067DD6-C2CD-424F-8999-13B94810EB9A}"
EndProject
Project("{9A19103F-16F7-4668-BE54-9A1E7A4F7556}") = "TMGInterfaces", "TMGInterfaces\TMGInterfaces.csproj", "{82FA7B4A-DD85-43DF-B242-6C1821B57327}"
EndProject
Project("{9A19103F-16F7-4668-BE54-9A1E7A4F7556}") = "TMG.Functions", "TMG.Functions\TMG.Functions.csproj", "{36474689-17BA-44BF-BB3D-C8C7819F577A}"
EndProject
Project("{9A19103F-16F7-4668-BE54-9A1E7A4F7556}") = "TMG.Frameworks", "TMG.Frameworks\TMG.Frameworks.csproj", "{EF348094-F178-4D7F-B18E-66C908BDC788}"
EndProject
Project("{9A19103F-16F7-4668-BE54-9A1E7A4F7556}") = "GTAModel", "GTAModel\GTAModel.csproj", "{1CD77EB2-63DA-4875-9B04-92D270A1B412}"
EndProject
Project("{9A19103F-16F7-4668-BE54-9A1E7A4F7556}") = "ODCache", "ODCache\ODCache.csproj", "{95EAF6B1-A701-47F7-88BF-AA5AEEA39565}"
EndProject
Project("{9A19103F-16F7-4668-BE54-9A1E7A4F7556}") = "TashaInterfaces", "TashaInterfaces\TashaInterfaces.csproj", "{99BE35FF-2934-404A-AE5D-BBB962EB2B3F}"
EndProject
Project("{9A19103F-16F7-4668-BE54-9A1E7A4F7556}") = "Tasha", "Tasha\Tasha.csproj", "{FF33598C-1BA7-4719-A6C7-A0C3543F1881}"
EndProject
Project("{FAE04EC0-301F-11D3-BF4B-00C04F79EFBC}") = "TMG.Estimation", "TMG.Estimation\TMG.Estimation.csproj", "{AA2AF0AE-8CEC-4173-A156-9DA6C0A74268}"
EndProject
Global
	GlobalSection(SolutionConfigurationPlatforms) = preSolution
		Debug|Any CPU = Debug|Any CPU
		Release|Any CPU = Release|Any CPU
	EndGlobalSection
	GlobalSection(ProjectConfigurationPlatforms) = postSolution
		{8197FF95-6326-48DD-8516-373DF9FBB3A8}.Debug|Any CPU.ActiveCfg = Debug|Any CPU
		{8197FF95-6326-48DD-8516-373DF9FBB3A8}.Debug|Any CPU.Build.0 = Debug|Any CPU
		{8197FF95-6326-48DD-8516-373DF9FBB3A8}.Release|Any CPU.ActiveCfg = Release|Any CPU
		{8197FF95-6326-48DD-8516-373DF9FBB3A8}.Release|Any CPU.Build.0 = Release|Any CPU
		{AE7192FE-6907-4880-B453-2CF4ABE994DC}.Debug|Any CPU.ActiveCfg = Debug|Any CPU
		{AE7192FE-6907-4880-B453-2CF4ABE994DC}.Debug|Any CPU.Build.0 = Debug|Any CPU
		{AE7192FE-6907-4880-B453-2CF4ABE994DC}.Release|Any CPU.ActiveCfg = Release|Any CPU
		{AE7192FE-6907-4880-B453-2CF4ABE994DC}.Release|Any CPU.Build.0 = Release|Any CPU
		{94CFA534-7118-4DEE-A8E1-84508AEC8B19}.Debug|Any CPU.ActiveCfg = Debug|Any CPU
		{94CFA534-7118-4DEE-A8E1-84508AEC8B19}.Debug|Any CPU.Build.0 = Debug|Any CPU
		{94CFA534-7118-4DEE-A8E1-84508AEC8B19}.Release|Any CPU.ActiveCfg = Release|Any CPU
		{94CFA534-7118-4DEE-A8E1-84508AEC8B19}.Release|Any CPU.Build.0 = Release|Any CPU
		{B24F8AC1-7204-46CF-B130-C9AB8C0E85FE}.Debug|Any CPU.ActiveCfg = Debug|Any CPU
		{B24F8AC1-7204-46CF-B130-C9AB8C0E85FE}.Debug|Any CPU.Build.0 = Debug|Any CPU
		{B24F8AC1-7204-46CF-B130-C9AB8C0E85FE}.Release|Any CPU.ActiveCfg = Release|Any CPU
		{B24F8AC1-7204-46CF-B130-C9AB8C0E85FE}.Release|Any CPU.Build.0 = Release|Any CPU
		{D3067DD6-C2CD-424F-8999-13B94810EB9A}.Debug|Any CPU.ActiveCfg = Debug|Any CPU
		{D3067DD6-C2CD-424F-8999-13B94810EB9A}.Debug|Any CPU.Build.0 = Debug|Any CPU
		{D3067DD6-C2CD-424F-8999-13B94810EB9A}.Release|Any CPU.ActiveCfg = Release|Any CPU
		{D3067DD6-C2CD-424F-8999-13B94810EB9A}.Release|Any CPU.Build.0 = Release|Any CPU
		{82FA7B4A-DD85-43DF-B242-6C1821B57327}.Debug|Any CPU.ActiveCfg = Debug|Any CPU
		{82FA7B4A-DD85-43DF-B242-6C1821B57327}.Debug|Any CPU.Build.0 = Debug|Any CPU
		{82FA7B4A-DD85-43DF-B242-6C1821B57327}.Release|Any CPU.ActiveCfg = Release|Any CPU
		{82FA7B4A-DD85-43DF-B242-6C1821B57327}.Release|Any CPU.Build.0 = Release|Any CPU
		{36474689-17BA-44BF-BB3D-C8C7819F577A}.Debug|Any CPU.ActiveCfg = Debug|Any CPU
		{36474689-17BA-44BF-BB3D-C8C7819F577A}.Debug|Any CPU.Build.0 = Debug|Any CPU
		{36474689-17BA-44BF-BB3D-C8C7819F577A}.Release|Any CPU.ActiveCfg = Release|Any CPU
		{36474689-17BA-44BF-BB3D-C8C7819F577A}.Release|Any CPU.Build.0 = Release|Any CPU
		{EF348094-F178-4D7F-B18E-66C908BDC788}.Debug|Any CPU.ActiveCfg = Debug|Any CPU
		{EF348094-F178-4D7F-B18E-66C908BDC788}.Debug|Any CPU.Build.0 = Debug|Any CPU
		{EF348094-F178-4D7F-B18E-66C908BDC788}.Release|Any CPU.ActiveCfg = Release|Any CPU
		{EF348094-F178-4D7F-B18E-66C908BDC788}.Release|Any CPU.Build.0 = Release|Any CPU
		{1CD77EB2-63DA-4875-9B04-92D270A1B412}.Debug|Any CPU.ActiveCfg = Debug|Any CPU
		{1CD77EB2-63DA-4875-9B04-92D270A1B412}.Debug|Any CPU.Build.0 = Debug|Any CPU
		{1CD77EB2-63DA-4875-9B04-92D270A1B412}.Release|Any CPU.ActiveCfg = Release|Any CPU
		{1CD77EB2-63DA-4875-9B04-92D270A1B412}.Release|Any CPU.Build.0 = Release|Any CPU
		{95EAF6B1-A701-47F7-88BF-AA5AEEA39565}.Debug|Any CPU.ActiveCfg = Debug|Any CPU
		{95EAF6B1-A701-47F7-88BF-AA5AEEA39565}.Debug|Any CPU.Build.0 = Debug|Any CPU
		{95EAF6B1-A701-47F7-88BF-AA5AEEA39565}.Release|Any CPU.ActiveCfg = Release|Any CPU
		{95EAF6B1-A701-47F7-88BF-AA5AEEA39565}.Release|Any CPU.Build.0 = Release|Any CPU
		{99BE35FF-2934-404A-AE5D-BBB962EB2B3F}.Debug|Any CPU.ActiveCfg = Debug|Any CPU
		{99BE35FF-2934-404A-AE5D-BBB962EB2B3F}.Debug|Any CPU.Build.0 = Debug|Any CPU
		{99BE35FF-2934-404A-AE5D-BBB962EB2B3F}.Release|Any CPU.ActiveCfg = Release|Any CPU
		{99BE35FF-2934-404A-AE5D-BBB962EB2B3F}.Release|Any CPU.Build.0 = Release|Any CPU
		{FF33598C-1BA7-4719-A6C7-A0C3543F1881}.Debug|Any CPU.ActiveCfg = Debug|Any CPU
		{FF33598C-1BA7-4719-A6C7-A0C3543F1881}.Debug|Any CPU.Build.0 = Debug|Any CPU
		{FF33598C-1BA7-4719-A6C7-A0C3543F1881}.Release|Any CPU.ActiveCfg = Release|Any CPU
		{FF33598C-1BA7-4719-A6C7-A0C3543F1881}.Release|Any CPU.Build.0 = Release|Any CPU
		{AA2AF0AE-8CEC-4173-A156-9DA6C0A74268}.Debug|Any CPU.ActiveCfg = Debug|Any CPU
		{AA2AF0AE-8CEC-4173-A156-9DA6C0A74268}.Debug|Any CPU.Build.0 = Debug|Any CPU
		{AA2AF0AE-8CEC-4173-A156-9DA6C0A74268}.Release|Any CPU.ActiveCfg = Release|Any CPU
		{AA2AF0AE-8CEC-4173-A156-9DA6C0A74268}.Release|Any CPU.Build.0 = Release|Any CPU
	EndGlobalSection
	GlobalSection(SolutionProperties) = preSolution
		HideSolutionNode = FALSE
	EndGlobalSection
	GlobalSection(NestedProjects) = preSolution
		{8197FF95-6326-48DD-8516-373DF9FBB3A8} = {EEA9531D-28BA-4302-9829-190014B2D158}
		{AE7192FE-6907-4880-B453-2CF4ABE994DC} = {EEA9531D-28BA-4302-9829-190014B2D158}
		{94CFA534-7118-4DEE-A8E1-84508AEC8B19} = {EEA9531D-28BA-4302-9829-190014B2D158}
		{FFA7FC68-6FAC-4089-B28F-E2DCF1195139} = {17E20502-7AFA-459D-A399-95AF2BE73056}
		{9C771BE8-7178-4459-AE0E-8BDC63591977} = {17E20502-7AFA-459D-A399-95AF2BE73056}
		{B24F8AC1-7204-46CF-B130-C9AB8C0E85FE} = {FFA7FC68-6FAC-4089-B28F-E2DCF1195139}
		{D3067DD6-C2CD-424F-8999-13B94810EB9A} = {FFA7FC68-6FAC-4089-B28F-E2DCF1195139}
		{82FA7B4A-DD85-43DF-B242-6C1821B57327} = {FFA7FC68-6FAC-4089-B28F-E2DCF1195139}
		{36474689-17BA-44BF-BB3D-C8C7819F577A} = {FFA7FC68-6FAC-4089-B28F-E2DCF1195139}
		{EF348094-F178-4D7F-B18E-66C908BDC788} = {FFA7FC68-6FAC-4089-B28F-E2DCF1195139}
		{1CD77EB2-63DA-4875-9B04-92D270A1B412} = {17E20502-7AFA-459D-A399-95AF2BE73056}
		{95EAF6B1-A701-47F7-88BF-AA5AEEA39565} = {FFA7FC68-6FAC-4089-B28F-E2DCF1195139}
		{99BE35FF-2934-404A-AE5D-BBB962EB2B3F} = {9C771BE8-7178-4459-AE0E-8BDC63591977}
		{FF33598C-1BA7-4719-A6C7-A0C3543F1881} = {9C771BE8-7178-4459-AE0E-8BDC63591977}
		{AA2AF0AE-8CEC-4173-A156-9DA6C0A74268} = {FFA7FC68-6FAC-4089-B28F-E2DCF1195139}
	EndGlobalSection
	GlobalSection(ExtensibilityGlobals) = postSolution
		SolutionGuid = {28F84809-2337-4AD9-8BB0-A18D2A1A7D4C}
	EndGlobalSection
EndGlobal
